
Microsoft Visual Studio Solution File, Format Version 10.00
# Visual Studio 2008
Project("{FAE04EC0-301F-11D3-BF4B-00C04F79EFBC}") = "Mary", "Mary\Mary.csproj", "{FB3A0661-54D1-424D-9AE1-82DAA6E7FBFD}"
EndProject
Project("{2150E333-8FDC-42A3-9474-1A3956D46DE8}") = "Solution Items", "Solution Items", "{7FA6786E-0A0C-44CC-ADFA-BE4C1594C312}"
	ProjectSection(SolutionItems) = preProject
		Descr.txt = Descr.txt
		ToDo.txt = ToDo.txt
	EndProjectSection
EndProject
Project("{FAE04EC0-301F-11D3-BF4B-00C04F79EFBC}") = "RenewTests2017", "RenewTests2017\RenewTests2017.csproj", "{4B279128-9504-43A2-AA52-757DC69F2FC4}"
EndProject
Global
	GlobalSection(SolutionConfigurationPlatforms) = preSolution
		Debug|Any CPU = Debug|Any CPU
		Debug|x86 = Debug|x86
		Release|Any CPU = Release|Any CPU
		Release|x86 = Release|x86
	EndGlobalSection
	GlobalSection(ProjectConfigurationPlatforms) = postSolution
		{FB3A0661-54D1-424D-9AE1-82DAA6E7FBFD}.Debug|Any CPU.ActiveCfg = Debug|Any CPU
		{FB3A0661-54D1-424D-9AE1-82DAA6E7FBFD}.Debug|Any CPU.Build.0 = Debug|Any CPU
		{FB3A0661-54D1-424D-9AE1-82DAA6E7FBFD}.Debug|x86.ActiveCfg = Debug|x86
		{FB3A0661-54D1-424D-9AE1-82DAA6E7FBFD}.Debug|x86.Build.0 = Debug|x86
		{FB3A0661-54D1-424D-9AE1-82DAA6E7FBFD}.Release|Any CPU.ActiveCfg = Release|Any CPU
		{FB3A0661-54D1-424D-9AE1-82DAA6E7FBFD}.Release|Any CPU.Build.0 = Release|Any CPU
		{FB3A0661-54D1-424D-9AE1-82DAA6E7FBFD}.Release|x86.ActiveCfg = Release|x86
		{FB3A0661-54D1-424D-9AE1-82DAA6E7FBFD}.Release|x86.Build.0 = Release|x86
		{4B279128-9504-43A2-AA52-757DC69F2FC4}.Debug|Any CPU.ActiveCfg = Debug|Any CPU
		{4B279128-9504-43A2-AA52-757DC69F2FC4}.Debug|Any CPU.Build.0 = Debug|Any CPU
		{4B279128-9504-43A2-AA52-757DC69F2FC4}.Debug|x86.ActiveCfg = Debug|x86
		{4B279128-9504-43A2-AA52-757DC69F2FC4}.Debug|x86.Build.0 = Debug|x86
		{4B279128-9504-43A2-AA52-757DC69F2FC4}.Release|Any CPU.ActiveCfg = Release|Any CPU
		{4B279128-9504-43A2-AA52-757DC69F2FC4}.Release|Any CPU.Build.0 = Release|Any CPU
		{4B279128-9504-43A2-AA52-757DC69F2FC4}.Release|x86.ActiveCfg = Release|x86
		{4B279128-9504-43A2-AA52-757DC69F2FC4}.Release|x86.Build.0 = Release|x86
	EndGlobalSection
	GlobalSection(SolutionProperties) = preSolution
		HideSolutionNode = FALSE
	EndGlobalSection
EndGlobal
